<?xml version="1.0" encoding="utf-8"?>
<Project ToolsVersion="17.0" xmlns="http://schemas.microsoft.com/developer/msbuild/2003">
  <ItemGroup>
    <ClCompile Include="C:\Users\a_kik.LAPTOP-I982K1HH\Code\PDF_Viewer\build-test\PDFViewer_autogen\mocs_compilation_Debug.cpp">
      <Filter>Source Files</Filter>
    </ClCompile>
    <ClCompile Include="C:\Users\a_kik.LAPTOP-I982K1HH\Code\PDF_Viewer\src\main.cpp">
      <Filter>Source Files</Filter>
    </ClCompile>
    <ClCompile Include="C:\Users\a_kik.LAPTOP-I982K1HH\Code\PDF_Viewer\src\application.cpp">
      <Filter>Source Files</Filter>
    </ClCompile>
    <ClCompile Include="C:\Users\a_kik.LAPTOP-I982K1HH\Code\PDF_Viewer\src\config\debuglog.cpp">
      <Filter>Source Files</Filter>
    </ClCompile>
    <ClCompile Include="C:\Users\a_kik.LAPTOP-I982K1HH\Code\PDF_Viewer\src\ui\mainwindow.cpp">
      <Filter>Source Files</Filter>
    </ClCompile>
    <ClCompile Include="C:\Users\a_kik.LAPTOP-I982K1HH\Code\PDF_Viewer\src\ui\tabmanager.cpp">
      <Filter>Source Files</Filter>
    </ClCompile>
    <ClCompile Include="C:\Users\a_kik.LAPTOP-I982K1HH\Code\PDF_Viewer\src\ui\homepagewidget.cpp">
      <Filter>Source Files</Filter>
    </ClCompile>
    <ClCompile Include="C:\Users\a_kik.LAPTOP-I982K1HH\Code\PDF_Viewer\src\ui\locationssidebarwidget.cpp">
      <Filter>Source Files</Filter>
    </ClCompile>
    <ClCompile Include="C:\Users\a_kik.LAPTOP-I982K1HH\Code\PDF_Viewer\src\ui\homecontentwidget.cpp">
      <Filter>Source Files</Filter>
    </ClCompile>
    <ClCompile Include="C:\Users\a_kik.LAPTOP-I982K1HH\Code\PDF_Viewer\src\ui\recentfileswidget.cpp">
      <Filter>Source Files</Filter>
    </ClCompile>
    <ClCompile Include="C:\Users\a_kik.LAPTOP-I982K1HH\Code\PDF_Viewer\src\ui\advancedsearchdialog.cpp">
      <Filter>Source Files</Filter>
    </ClCompile>
    <ClCompile Include="C:\Users\a_kik.LAPTOP-I982K1HH\Code\PDF_Viewer\src\ui\filepropertiesdialog.cpp">
      <Filter>Source Files</Filter>
    </ClCompile>
    <ClCompile Include="C:\Users\a_kik.LAPTOP-I982K1HH\Code\PDF_Viewer\src\ui\settingsdialog.cpp">
      <Filter>Source Files</Filter>
    </ClCompile>
    <ClCompile Include="C:\Users\a_kik.LAPTOP-I982K1HH\Code\PDF_Viewer\src\ui\pdftestwidget.cpp">
      <Filter>Source Files</Filter>
    </ClCompile>
    <ClCompile Include="C:\Users\a_kik.LAPTOP-I982K1HH\Code\PDF_Viewer\src\ui\pdf\PdfViewerWidget.cpp">
      <Filter>Source Files</Filter>
    </ClCompile>
    <ClCompile Include="C:\Users\a_kik.LAPTOP-I982K1HH\Code\PDF_Viewer\src\ui\pdf\PageCanvasView.cpp">
      <Filter>Source Files</Filter>
    </ClCompile>
    <ClCompile Include="C:\Users\a_kik.LAPTOP-I982K1HH\Code\PDF_Viewer\src\ui\pdf\ThumbnailSidebarWidget.cpp">
      <Filter>Source Files</Filter>
    </ClCompile>
    <ClCompile Include="C:\Users\a_kik.LAPTOP-I982K1HH\Code\PDF_Viewer\src\config\theme.cpp">
      <Filter>Source Files</Filter>
    </ClCompile>
    <ClCompile Include="C:\Users\a_kik.LAPTOP-I982K1HH\Code\PDF_Viewer\src\config\sessionmanager.cpp">
      <Filter>Source Files</Filter>
    </ClCompile>
    <ClCompile Include="C:\Users\a_kik.LAPTOP-I982K1HH\Code\PDF_Viewer\src\config\recentfilesmanager.cpp">
      <Filter>Source Files</Filter>
    </ClCompile>
    <ClCompile Include="C:\Users\a_kik.LAPTOP-I982K1HH\Code\PDF_Viewer\src\config\thumbnailcache.cpp">
      <Filter>Source Files</Filter>
    </ClCompile>
    <ClCompile Include="C:\Users\a_kik.LAPTOP-I982K1HH\Code\PDF_Viewer\src\config\fileclipboard.cpp">
      <Filter>Source Files</Filter>
    </ClCompile>
    <ClCompile Include="C:\Users\a_kik.LAPTOP-I982K1HH\Code\PDF_Viewer\src\config\settingsmanager.cpp">
      <Filter>Source Files</Filter>
    </ClCompile>
    <ClCompile Include="C:\Users\a_kik.LAPTOP-I982K1HH\Code\PDF_Viewer\src\pdf\PdfRendererFactory.cpp">
      <Filter>Source Files</Filter>
    </ClCompile>
    <ClCompile Include="C:\Users\a_kik.LAPTOP-I982K1HH\Code\PDF_Viewer\src\pdf\PageRenderCache.cpp">
      <Filter>Source Files</Filter>
    </ClCompile>
    <ClCompile Include="C:\Users\a_kik.LAPTOP-I982K1HH\Code\PDF_Viewer\src\pdf\PdfRenderService.cpp">
      <Filter>Source Files</Filter>
    </ClCompile>
    <ClCompile Include="C:\Users\a_kik.LAPTOP-I982K1HH\Code\PDF_Viewer\build-test\.qt\rcc\qrc_app_resources.cpp">
      <Filter>Source Files\Generated</Filter>
    </ClCompile>
    <ClCompile Include="C:\Users\a_kik.LAPTOP-I982K1HH\Code\PDF_Viewer\build-test\PDFViewer_autogen\3YJK5W5UP7_Debug\qrc_resources.cpp">
      <Filter>Source Files</Filter>
    </ClCompile>
    <ClCompile Include="C:\Users\a_kik.LAPTOP-I982K1HH\Code\PDF_Viewer\build-test\PDFViewer_autogen\mocs_compilation_Release.cpp">
      <Filter>Source Files</Filter>
    </ClCompile>
    <ClCompile Include="C:\Users\a_kik.LAPTOP-I982K1HH\Code\PDF_Viewer\build-test\PDFViewer_autogen\3YJK5W5UP7_Release\qrc_resources.cpp">
      <Filter>Source Files</Filter>
    </ClCompile>
    <ClCompile Include="C:\Users\a_kik.LAPTOP-I982K1HH\Code\PDF_Viewer\build-test\PDFViewer_autogen\mocs_compilation_MinSizeRel.cpp">
      <Filter>Source Files</Filter>
    </ClCompile>
    <ClCompile Include="C:\Users\a_kik.LAPTOP-I982K1HH\Code\PDF_Viewer\build-test\PDFViewer_autogen\3YJK5W5UP7_MinSizeRel\qrc_resources.cpp">
      <Filter>Source Files</Filter>
    </ClCompile>
    <ClCompile Include="C:\Users\a_kik.LAPTOP-I982K1HH\Code\PDF_Viewer\build-test\PDFViewer_autogen\mocs_compilation_RelWithDebInfo.cpp">
      <Filter>Source Files</Filter>
    </ClCompile>
    <ClCompile Include="C:\Users\a_kik.LAPTOP-I982K1HH\Code\PDF_Viewer\build-test\PDFViewer_autogen\3YJK5W5UP7_RelWithDebInfo\qrc_resources.cpp">
      <Filter>Source Files</Filter>
    </ClCompile>
  </ItemGroup>
  <ItemGroup>
    <ClInclude Include="C:\Users\a_kik.LAPTOP-I982K1HH\Code\PDF_Viewer\build-test\.qt\rcc\app_resources.qrc">
      <Filter>Source Files\Generated</Filter>
    </ClInclude>
    <ClInclude Include="C:\Users\a_kik.LAPTOP-I982K1HH\Code\PDF_Viewer\resources\resources.qrc">
      <Filter>Resources</Filter>
    </ClInclude>
  </ItemGroup>
  <ItemGroup>
    <CustomBuild Include="C:\Users\a_kik.LAPTOP-I982K1HH\Code\PDF_Viewer\build-test\CMakeFiles\85f02f866e9c1fa0a5af5cb190800f3b\qrc_app_resources.cpp.rule">
      <Filter>CMake Rules</Filter>
    </CustomBuild>
    <CustomBuild Include="C:\Users\a_kik.LAPTOP-I982K1HH\Code\PDF_Viewer\build-test\CMakeFiles\7a53bddd8cbee846a7dde5746848a40f\qrc_resources.cpp.rule">
      <Filter>CMake Rules</Filter>
    </CustomBuild>
    <CustomBuild Include="C:\Users\a_kik.LAPTOP-I982K1HH\Code\PDF_Viewer\CMakeLists.txt" />
  </ItemGroup>
  <ItemGroup>
    <Filter Include="CMake Rules">
      <UniqueIdentifier>{18BCDE39-EC2A-3C18-861A-EC3B988809AB}</UniqueIdentifier>
    </Filter>
    <Filter Include="Resources">
      <UniqueIdentifier>{634544A3-5243-3F02-836A-48B3C1B16B81}</UniqueIdentifier>
    </Filter>
    <Filter Include="Source Files">
      <UniqueIdentifier>{3B29980B-44AE-3558-9502-6DD6A4BADCA7}</UniqueIdentifier>
    </Filter>
    <Filter Include="Source Files\Generated">
      <UniqueIdentifier>{54CC0663-D38C-3A4A-90A7-A48A519B03CB}</UniqueIdentifier>
    </Filter>
  </ItemGroup>
</Project>
