
Microsoft Visual Studio Solution File, Format Version 12.00
# Visual Studio Version 17
Project("{8BC9CEB8-8B4A-11D0-8D11-00A0C91BC942}") = "ALL_BUILD", "ALL_BUILD.vcxproj", "{A203ED0A-4C7B-39BA-8B5B-83B65FDB7111}"
	ProjectSection(ProjectDependencies) = postProject
		{C84F7F59-6377-39E2-86A0-39CE2C56B0FD} = {C84F7F59-6377-39E2-86A0-39CE2C56B0FD}
		{F4D69FB8-9D29-37D2-A8C0-71372B412E38} = {F4D69FB8-9D29-37D2-A8C0-71372B412E38}
	EndProjectSection
EndProject
Project("{8BC9CEB8-8B4A-11D0-8D11-00A0C91BC942}") = "PDFViewer", "PDFViewer.vcxproj", "{C84F7F59-6377-39E2-86A0-39CE2C56B0FD}"
	ProjectSection(ProjectDependencies) = postProject
		{F4D69FB8-9D29-37D2-A8C0-71372B412E38} = {F4D69FB8-9D29-37D2-A8C0-71372B412E38}
	EndProjectSection
EndProject
Project("{8BC9CEB8-8B4A-11D0-8D11-00A0C91BC942}") = "ZERO_CHECK", "ZERO_CHECK.vcxproj", "{F4D69FB8-9D29-37D2-A8C0-71372B412E38}"
	ProjectSection(ProjectDependencies) = postProject
	EndProjectSection
EndProject
Global
	GlobalSection(SolutionConfigurationPlatforms) = preSolution
		Debug|x64 = Debug|x64
		Release|x64 = Release|x64
		MinSizeRel|x64 = MinSizeRel|x64
		RelWithDebInfo|x64 = RelWithDebInfo|x64
	EndGlobalSection
	GlobalSection(ProjectConfigurationPlatforms) = postSolution
		{A203ED0A-4C7B-39BA-8B5B-83B65FDB7111}.Debug|x64.ActiveCfg = Debug|x64
		{A203ED0A-4C7B-39BA-8B5B-83B65FDB7111}.Release|x64.ActiveCfg = Release|x64
		{A203ED0A-4C7B-39BA-8B5B-83B65FDB7111}.MinSizeRel|x64.ActiveCfg = MinSizeRel|x64
		{A203ED0A-4C7B-39BA-8B5B-83B65FDB7111}.RelWithDebInfo|x64.ActiveCfg = RelWithDebInfo|x64
		{C84F7F59-6377-39E2-86A0-39CE2C56B0FD}.Debug|x64.ActiveCfg = Debug|x64
		{C84F7F59-6377-39E2-86A0-39CE2C56B0FD}.Debug|x64.Build.0 = Debug|x64
		{C84F7F59-6377-39E2-86A0-39CE2C56B0FD}.Release|x64.ActiveCfg = Release|x64
		{C84F7F59-6377-39E2-86A0-39CE2C56B0FD}.Release|x64.Build.0 = Release|x64
		{C84F7F59-6377-39E2-86A0-39CE2C56B0FD}.MinSizeRel|x64.ActiveCfg = MinSizeRel|x64
		{C84F7F59-6377-39E2-86A0-39CE2C56B0FD}.MinSizeRel|x64.Build.0 = MinSizeRel|x64
		{C84F7F59-6377-39E2-86A0-39CE2C56B0FD}.RelWithDebInfo|x64.ActiveCfg = RelWithDebInfo|x64
		{C84F7F59-6377-39E2-86A0-39CE2C56B0FD}.RelWithDebInfo|x64.Build.0 = RelWithDebInfo|x64
		{F4D69FB8-9D29-37D2-A8C0-71372B412E38}.Debug|x64.ActiveCfg = Debug|x64
		{F4D69FB8-9D29-37D2-A8C0-71372B412E38}.Debug|x64.Build.0 = Debug|x64
		{F4D69FB8-9D29-37D2-A8C0-71372B412E38}.Release|x64.ActiveCfg = Release|x64
		{F4D69FB8-9D29-37D2-A8C0-71372B412E38}.Release|x64.Build.0 = Release|x64
		{F4D69FB8-9D29-37D2-A8C0-71372B412E38}.MinSizeRel|x64.ActiveCfg = MinSizeRel|x64
		{F4D69FB8-9D29-37D2-A8C0-71372B412E38}.MinSizeRel|x64.Build.0 = MinSizeRel|x64
		{F4D69FB8-9D29-37D2-A8C0-71372B412E38}.RelWithDebInfo|x64.ActiveCfg = RelWithDebInfo|x64
		{F4D69FB8-9D29-37D2-A8C0-71372B412E38}.RelWithDebInfo|x64.Build.0 = RelWithDebInfo|x64
	EndGlobalSection
	GlobalSection(ExtensibilityGlobals) = postSolution
		SolutionGuid = {C702420C-D2F5-3EF0-8284-7F2E81645B1F}
	EndGlobalSection
	GlobalSection(ExtensibilityAddIns) = postSolution
	EndGlobalSection
EndGlobal
